Microsoft Visual Studio Solution File, Format Version 12.00
# Visual Studio Version 17
VisualStudioVersion = 17.5.2.0
MinimumVisualStudioVersion = 10.0.40219.1
Project("{FAE04EC0-301F-11D3-BF4B-00C04F79EFBC}") = "Exercicio1_Roteiro6", "Exercicio1_Roteiro6\Exercicio1_Roteiro6.csproj", "{6807121B-FA10-007B-287F-E06C90062CC4}"
EndProject
Project("{FAE04EC0-301F-11D3-BF4B-00C04F79EFBC}") = "Exercicio2_Roteiro5", "..\Exercicio 2\Exercicio2_Roteiro5\Exercicio2_Roteiro5.csproj", "{54399B20-1726-4A10-AB4B-521420F73A78}"
EndProject
Global
	GlobalSection(SolutionConfigurationPlatforms) = preSolution
		Debug|Any CPU = Debug|Any CPU
		Release|Any CPU = Release|Any CPU
	EndGlobalSection
	GlobalSection(ProjectConfigurationPlatforms) = postSolution
		{6807121B-FA10-007B-287F-E06C90062CC4}.Debug|Any CPU.ActiveCfg = Debug|Any CPU
		{6807121B-FA10-007B-287F-E06C90062CC4}.Debug|Any CPU.Build.0 = Debug|Any CPU
		{6807121B-FA10-007B-287F-E06C90062CC4}.Release|Any CPU.ActiveCfg = Release|Any CPU
		{6807121B-FA10-007B-287F-E06C90062CC4}.Release|Any CPU.Build.0 = Release|Any CPU
		{54399B20-1726-4A10-AB4B-521420F73A78}.Debug|Any CPU.ActiveCfg = Debug|Any CPU
		{54399B20-1726-4A10-AB4B-521420F73A78}.Debug|Any CPU.Build.0 = Debug|Any CPU
		{54399B20-1726-4A10-AB4B-521420F73A78}.Release|Any CPU.ActiveCfg = Release|Any CPU
		{54399B20-1726-4A10-AB4B-521420F73A78}.Release|Any CPU.Build.0 = Release|Any CPU
	EndGlobalSection
	GlobalSection(SolutionProperties) = preSolution
		HideSolutionNode = FALSE
	EndGlobalSection
	GlobalSection(ExtensibilityGlobals) = postSolution
		SolutionGuid = {51610DC8-055F-4820-9723-A5AEFE5CA9AF}
	EndGlobalSection
EndGlobal
