
Microsoft Visual Studio Solution File, Format Version 12.00
# Visual Studio Version 17
VisualStudioVersion = 17.14.36121.58 d17.14
MinimumVisualStudioVersion = 10.0.40219.1
Project("{FAE04EC0-301F-11D3-BF4B-00C04F79EFBC}") = "roteiro8_exercicios", "roteiro8_exercicios.csproj", "{FBEB6C80-A383-4264-B0EB-088FEE2E06BA}"
EndProject
Global
	GlobalSection(SolutionConfigurationPlatforms) = preSolution
		Debug|Any CPU = Debug|Any CPU
		Release|Any CPU = Release|Any CPU
	EndGlobalSection
	GlobalSection(ProjectConfigurationPlatforms) = postSolution
		{FBEB6C80-A383-4264-B0EB-088FEE2E06BA}.Debug|Any CPU.ActiveCfg = Debug|Any CPU
		{FBEB6C80-A383-4264-B0EB-088FEE2E06BA}.Debug|Any CPU.Build.0 = Debug|Any CPU
		{FBEB6C80-A383-4264-B0EB-088FEE2E06BA}.Release|Any CPU.ActiveCfg = Release|Any CPU
		{FBEB6C80-A383-4264-B0EB-088FEE2E06BA}.Release|Any CPU.Build.0 = Release|Any CPU
	EndGlobalSection
	GlobalSection(SolutionProperties) = preSolution
		HideSolutionNode = FALSE
	EndGlobalSection
	GlobalSection(ExtensibilityGlobals) = postSolution
		SolutionGuid = {1C182328-D7BB-4FC8-ADA4-AF7623101CB6}
	EndGlobalSection
EndGlobal
