
Microsoft Visual Studio Solution File, Format Version 12.00
# Visual Studio Version 17
VisualStudioVersion = 17.14.36121.58 d17.14
MinimumVisualStudioVersion = 10.0.40219.1
Project("{FAE04EC0-301F-11D3-BF4B-00C04F79EFBC}") = "roteiro6_exercicio3", "roteiro6_exercicio3.csproj", "{5B1A939C-FE4B-4DF5-8A14-A8EE27612248}"
EndProject
Global
	GlobalSection(SolutionConfigurationPlatforms) = preSolution
		Debug|Any CPU = Debug|Any CPU
		Release|Any CPU = Release|Any CPU
	EndGlobalSection
	GlobalSection(ProjectConfigurationPlatforms) = postSolution
		{5B1A939C-FE4B-4DF5-8A14-A8EE27612248}.Debug|Any CPU.ActiveCfg = Debug|Any CPU
		{5B1A939C-FE4B-4DF5-8A14-A8EE27612248}.Debug|Any CPU.Build.0 = Debug|Any CPU
		{5B1A939C-FE4B-4DF5-8A14-A8EE27612248}.Release|Any CPU.ActiveCfg = Release|Any CPU
		{5B1A939C-FE4B-4DF5-8A14-A8EE27612248}.Release|Any CPU.Build.0 = Release|Any CPU
	EndGlobalSection
	GlobalSection(SolutionProperties) = preSolution
		HideSolutionNode = FALSE
	EndGlobalSection
	GlobalSection(ExtensibilityGlobals) = postSolution
		SolutionGuid = {BE6191F2-0296-4707-9EF8-56488D15300F}
	EndGlobalSection
EndGlobal
