Microsoft Visual Studio Solution File, Format Version 12.00
# Visual Studio Version 17
VisualStudioVersion = 17.5.2.0
MinimumVisualStudioVersion = 10.0.40219.1
Project("{FAE04EC0-301F-11D3-BF4B-00C04F79EFBC}") = "Exercicio2_Roteiro5", "Exercicio2_Roteiro5\Exercicio2_Roteiro5.csproj", "{F33269D2-6996-DAD1-DFAD-D83587395222}"
EndProject
Global
	GlobalSection(SolutionConfigurationPlatforms) = preSolution
		Debug|Any CPU = Debug|Any CPU
		Release|Any CPU = Release|Any CPU
	EndGlobalSection
	GlobalSection(ProjectConfigurationPlatforms) = postSolution
		{F33269D2-6996-DAD1-DFAD-D83587395222}.Debug|Any CPU.ActiveCfg = Debug|Any CPU
		{F33269D2-6996-DAD1-DFAD-D83587395222}.Debug|Any CPU.Build.0 = Debug|Any CPU
		{F33269D2-6996-DAD1-DFAD-D83587395222}.Release|Any CPU.ActiveCfg = Release|Any CPU
		{F33269D2-6996-DAD1-DFAD-D83587395222}.Release|Any CPU.Build.0 = Release|Any CPU
	EndGlobalSection
	GlobalSection(SolutionProperties) = preSolution
		HideSolutionNode = FALSE
	EndGlobalSection
	GlobalSection(ExtensibilityGlobals) = postSolution
		SolutionGuid = {2B0C3C10-0634-448D-828C-5497CD723E0D}
	EndGlobalSection
EndGlobal
