
Microsoft Visual Studio Solution File, Format Version 12.00
# Visual Studio Version 17
VisualStudioVersion = 17.14.36121.58 d17.14
MinimumVisualStudioVersion = 10.0.40219.1
Project("{FAE04EC0-301F-11D3-BF4B-00C04F79EFBC}") = "roteiro5_exercicio2", "roteiro5_exercicio2.csproj", "{9E61E809-7343-4FE7-94B1-8FB6F3F3D775}"
EndProject
Global
	GlobalSection(SolutionConfigurationPlatforms) = preSolution
		Debug|Any CPU = Debug|Any CPU
		Release|Any CPU = Release|Any CPU
	EndGlobalSection
	GlobalSection(ProjectConfigurationPlatforms) = postSolution
		{9E61E809-7343-4FE7-94B1-8FB6F3F3D775}.Debug|Any CPU.ActiveCfg = Debug|Any CPU
		{9E61E809-7343-4FE7-94B1-8FB6F3F3D775}.Debug|Any CPU.Build.0 = Debug|Any CPU
		{9E61E809-7343-4FE7-94B1-8FB6F3F3D775}.Release|Any CPU.ActiveCfg = Release|Any CPU
		{9E61E809-7343-4FE7-94B1-8FB6F3F3D775}.Release|Any CPU.Build.0 = Release|Any CPU
	EndGlobalSection
	GlobalSection(SolutionProperties) = preSolution
		HideSolutionNode = FALSE
	EndGlobalSection
	GlobalSection(ExtensibilityGlobals) = postSolution
		SolutionGuid = {CEE6BA8E-2869-4618-99E5-17939EEC4410}
	EndGlobalSection
EndGlobal
